
Microsoft Visual Studio Solution File, Format Version 12.00
# Visual Studio Version 17
VisualStudioVersion = 17.0.31903.59
MinimumVisualStudioVersion = 10.0.40219.1
Project("{9A19103F-16F7-4668-BE54-9A1E7A4F7556}") = "Signals.Common", "Signals.Common\Signals.Common.csproj", "{C8737CB8-C685-4574-B83A-DA576C1982F1}"
EndProject
Project("{9A19103F-16F7-4668-BE54-9A1E7A4F7556}") = "Signals.Unity", "Signals.Unity\Signals.Unity.csproj", "{2AA619AC-57A8-4975-9C1A-B756F7B05326}"
EndProject
Project("{9A19103F-16F7-4668-BE54-9A1E7A4F7556}") = "Signals.Game", "Signals.Game\Signals.Game.csproj", "{3D957146-0D0F-45EC-B7CA-983C40CB81AD}"
EndProject
Global
	GlobalSection(SolutionConfigurationPlatforms) = preSolution
		Debug|Any CPU = Debug|Any CPU
		Release|Any CPU = Release|Any CPU
	EndGlobalSection
	GlobalSection(ProjectConfigurationPlatforms) = postSolution
		{C8737CB8-C685-4574-B83A-DA576C1982F1}.Debug|Any CPU.ActiveCfg = Debug|Any CPU
		{C8737CB8-C685-4574-B83A-DA576C1982F1}.Debug|Any CPU.Build.0 = Debug|Any CPU
		{C8737CB8-C685-4574-B83A-DA576C1982F1}.Release|Any CPU.ActiveCfg = Release|Any CPU
		{C8737CB8-C685-4574-B83A-DA576C1982F1}.Release|Any CPU.Build.0 = Release|Any CPU
		{2AA619AC-57A8-4975-9C1A-B756F7B05326}.Debug|Any CPU.ActiveCfg = Debug|Any CPU
		{2AA619AC-57A8-4975-9C1A-B756F7B05326}.Debug|Any CPU.Build.0 = Debug|Any CPU
		{2AA619AC-57A8-4975-9C1A-B756F7B05326}.Release|Any CPU.ActiveCfg = Release|Any CPU
		{2AA619AC-57A8-4975-9C1A-B756F7B05326}.Release|Any CPU.Build.0 = Release|Any CPU
		{3D957146-0D0F-45EC-B7CA-983C40CB81AD}.Debug|Any CPU.ActiveCfg = Debug|Any CPU
		{3D957146-0D0F-45EC-B7CA-983C40CB81AD}.Debug|Any CPU.Build.0 = Debug|Any CPU
		{3D957146-0D0F-45EC-B7CA-983C40CB81AD}.Release|Any CPU.ActiveCfg = Release|Any CPU
		{3D957146-0D0F-45EC-B7CA-983C40CB81AD}.Release|Any CPU.Build.0 = Release|Any CPU
	EndGlobalSection
	GlobalSection(SolutionProperties) = preSolution
		HideSolutionNode = FALSE
	EndGlobalSection
EndGlobal
